
Microsoft Visual Studio Solution File, Format Version 12.00
# Visual Studio Version 17
VisualStudioVersion = 17.2.32616.157
MinimumVisualStudioVersion = 10.0.40219.1
Project("{FAE04EC0-301F-11D3-BF4B-00C04F79EFBC}") = "Console1", "Console1\Console1.csproj", "{EB0322B7-C577-4AFE-B113-B7176DDD06DB}"
EndProject
Project("{FAE04EC0-301F-11D3-BF4B-00C04F79EFBC}") = "Console1.Tests", "Console1.Tests\Console1.Tests.csproj", "{7CD56722-1352-4A3D-B005-0D893C1C9F37}"
EndProject
Global
	GlobalSection(SolutionConfigurationPlatforms) = preSolution
		Debug|Any CPU = Debug|Any CPU
		Release|Any CPU = Release|Any CPU
	EndGlobalSection
	GlobalSection(ProjectConfigurationPlatforms) = postSolution
		{EB0322B7-C577-4AFE-B113-B7176DDD06DB}.Debug|Any CPU.ActiveCfg = Debug|Any CPU
		{EB0322B7-C577-4AFE-B113-B7176DDD06DB}.Debug|Any CPU.Build.0 = Debug|Any CPU
		{EB0322B7-C577-4AFE-B113-B7176DDD06DB}.Release|Any CPU.ActiveCfg = Release|Any CPU
		{EB0322B7-C577-4AFE-B113-B7176DDD06DB}.Release|Any CPU.Build.0 = Release|Any CPU
		{7CD56722-1352-4A3D-B005-0D893C1C9F37}.Debug|Any CPU.ActiveCfg = Debug|Any CPU
		{7CD56722-1352-4A3D-B005-0D893C1C9F37}.Debug|Any CPU.Build.0 = Debug|Any CPU
		{7CD56722-1352-4A3D-B005-0D893C1C9F37}.Release|Any CPU.ActiveCfg = Release|Any CPU
		{7CD56722-1352-4A3D-B005-0D893C1C9F37}.Release|Any CPU.Build.0 = Release|Any CPU
	EndGlobalSection
	GlobalSection(SolutionProperties) = preSolution
		HideSolutionNode = FALSE
	EndGlobalSection
	GlobalSection(ExtensibilityGlobals) = postSolution
		SolutionGuid = {AF9DACEA-2DC8-4890-99A9-8F2CF35720D8}
	EndGlobalSection
EndGlobal
